
Microsoft Visual Studio Solution File, Format Version 12.00
# Visual Studio Version 16
VisualStudioVersion = 16.0.32228.343
MinimumVisualStudioVersion = 10.0.40219.1
Project("{FAE04EC0-301F-11D3-BF4B-00C04F79EFBC}") = "CapaPresentacion", "CapaPresentacion\CapaPresentacion.csproj", "{216A555E-7C40-4098-B746-8436DADF6680}"
EndProject
Project("{FAE04EC0-301F-11D3-BF4B-00C04F79EFBC}") = "CapaNegocio", "CapaNegocio\CapaNegocio.csproj", "{0EFF9138-28D9-4BA1-B5AC-9D074177CD58}"
EndProject
Project("{FAE04EC0-301F-11D3-BF4B-00C04F79EFBC}") = "CapaDatos", "CapaDatos\CapaDatos.csproj", "{CE64AA16-2854-4BF2-883F-4276E9A9880F}"
EndProject
Global
	GlobalSection(SolutionConfigurationPlatforms) = preSolution
		Debug|Any CPU = Debug|Any CPU
		Release|Any CPU = Release|Any CPU
	EndGlobalSection
	GlobalSection(ProjectConfigurationPlatforms) = postSolution
		{216A555E-7C40-4098-B746-8436DADF6680}.Debug|Any CPU.ActiveCfg = Debug|Any CPU
		{216A555E-7C40-4098-B746-8436DADF6680}.Debug|Any CPU.Build.0 = Debug|Any CPU
		{216A555E-7C40-4098-B746-8436DADF6680}.Release|Any CPU.ActiveCfg = Release|Any CPU
		{216A555E-7C40-4098-B746-8436DADF6680}.Release|Any CPU.Build.0 = Release|Any CPU
		{0EFF9138-28D9-4BA1-B5AC-9D074177CD58}.Debug|Any CPU.ActiveCfg = Debug|Any CPU
		{0EFF9138-28D9-4BA1-B5AC-9D074177CD58}.Debug|Any CPU.Build.0 = Debug|Any CPU
		{0EFF9138-28D9-4BA1-B5AC-9D074177CD58}.Release|Any CPU.ActiveCfg = Release|Any CPU
		{0EFF9138-28D9-4BA1-B5AC-9D074177CD58}.Release|Any CPU.Build.0 = Release|Any CPU
		{CE64AA16-2854-4BF2-883F-4276E9A9880F}.Debug|Any CPU.ActiveCfg = Debug|Any CPU
		{CE64AA16-2854-4BF2-883F-4276E9A9880F}.Debug|Any CPU.Build.0 = Debug|Any CPU
		{CE64AA16-2854-4BF2-883F-4276E9A9880F}.Release|Any CPU.ActiveCfg = Release|Any CPU
		{CE64AA16-2854-4BF2-883F-4276E9A9880F}.Release|Any CPU.Build.0 = Release|Any CPU
	EndGlobalSection
	GlobalSection(SolutionProperties) = preSolution
		HideSolutionNode = FALSE
	EndGlobalSection
	GlobalSection(ExtensibilityGlobals) = postSolution
		SolutionGuid = {95F9D43D-ED82-405C-A87F-51303D040C83}
	EndGlobalSection
EndGlobal
